// !$*UTF8*$!
{
	archiveVersion = 1;
	classes = {
	};
	objectVersion = 56;
	objects = {

/* Begin PBXBuildFile section */
		A10000010000000000000001 /* AlgoBiteApp.swift in Sources */ = {isa = PBXBuildFile; fileRef = A10000110000000000000001 /* AlgoBiteApp.swift */; };
		A10000020000000000000001 /* ContentView.swift in Sources */ = {isa = PBXBuildFile; fileRef = A10000120000000000000001 /* ContentView.swift */; };
		A10000030000000000000001 /* Problems.swift in Sources */ = {isa = PBXBuildFile; fileRef = A10000130000000000000001 /* Problems.swift */; };
		A10000040000000000000001 /* TopicAnimations.swift in Sources */ = {isa = PBXBuildFile; fileRef = A10000150000000000000001 /* TopicAnimations.swift */; };
		A10000050000000000000001 /* AppExtras.swift in Sources */ = {isa = PBXBuildFile; fileRef = A10000160000000000000001 /* AppExtras.swift */; };
		A10000060000000000000001 /* DebugCapture.swift in Sources */ = {isa = PBXBuildFile; fileRef = A10000170000000000000001 /* DebugCapture.swift */; };
		A10000A00000000000000001 /* Models.swift in Sources */ = {isa = PBXBuildFile; fileRef = A10000B00000000000000001 /* Models.swift */; };
		A10000A10000000000000001 /* GameViewModel.swift in Sources */ = {isa = PBXBuildFile; fileRef = A10000B10000000000000001 /* GameViewModel.swift */; };
		A10000A20000000000000001 /* AppTypes.swift in Sources */ = {isa = PBXBuildFile; fileRef = A10000B20000000000000001 /* AppTypes.swift */; };
		A10000A30000000000000001 /* PopStyle.swift in Sources */ = {isa = PBXBuildFile; fileRef = A10000B30000000000000001 /* PopStyle.swift */; };
		A10000A40000000000000001 /* ExplanationView.swift in Sources */ = {isa = PBXBuildFile; fileRef = A10000B40000000000000001 /* ExplanationView.swift */; };
		A10000A50000000000000001 /* BuiltInAnimations.swift in Sources */ = {isa = PBXBuildFile; fileRef = A10000B50000000000000001 /* BuiltInAnimations.swift */; };
		A10000A60000000000000001 /* ReorderQuiz.swift in Sources */ = {isa = PBXBuildFile; fileRef = A10000B60000000000000001 /* ReorderQuiz.swift */; };
		A10000A70000000000000001 /* Animations_Sorting.swift in Sources */ = {isa = PBXBuildFile; fileRef = A10000B70000000000000001 /* Animations_Sorting.swift */; };
		A10000A80000000000000001 /* Animations_LinkedList.swift in Sources */ = {isa = PBXBuildFile; fileRef = A10000B80000000000000001 /* Animations_LinkedList.swift */; };
		A10000A90000000000000001 /* Animations_Tree.swift in Sources */ = {isa = PBXBuildFile; fileRef = A10000B90000000000000001 /* Animations_Tree.swift */; };
		A10000AA0000000000000001 /* Animations_Graph.swift in Sources */ = {isa = PBXBuildFile; fileRef = A10000BA0000000000000001 /* Animations_Graph.swift */; };
		A10000AB0000000000000001 /* Animations_DP.swift in Sources */ = {isa = PBXBuildFile; fileRef = A10000BB0000000000000001 /* Animations_DP.swift */; };
		A10000AC0000000000000001 /* Animations_String.swift in Sources */ = {isa = PBXBuildFile; fileRef = A10000BC0000000000000001 /* Animations_String.swift */; };
		A10000AD0000000000000001 /* Animations_Stack.swift in Sources */ = {isa = PBXBuildFile; fileRef = A10000BD0000000000000001 /* Animations_Stack.swift */; };
		A10000AE0000000000000001 /* Animations_Math.swift in Sources */ = {isa = PBXBuildFile; fileRef = A10000BE0000000000000001 /* Animations_Math.swift */; };
		A10000AF0000000000000001 /* Animations_Misc.swift in Sources */ = {isa = PBXBuildFile; fileRef = A10000BF0000000000000001 /* Animations_Misc.swift */; };
		A30000010000000000000001 /* Assets.xcassets in Resources */ = {isa = PBXBuildFile; fileRef = A30000110000000000000001 /* Assets.xcassets */; };
		A20000010000000000000001 /* AlgoBiteWidgetBundle.swift in Sources */ = {isa = PBXBuildFile; fileRef = A20000110000000000000001 /* AlgoBiteWidgetBundle.swift */; };
		A20000020000000000000001 /* AlgoBiteWidget.swift in Sources */ = {isa = PBXBuildFile; fileRef = A20000120000000000000001 /* AlgoBiteWidget.swift */; };
		A20000030000000000000001 /* AlgoBiteWidget.appex in Embed Foundation Extensions */ = {isa = PBXBuildFile; fileRef = A20000140000000000000001 /* AlgoBiteWidget.appex */; settings = {ATTRIBUTES = (RemoveHeadersOnCopy, ); }; };
/* End PBXBuildFile section */

/* Begin PBXFileReference section */
		A10000110000000000000001 /* AlgoBiteApp.swift */ = {isa = PBXFileReference; lastKnownFileType = sourcecode.swift; path = AlgoBiteApp.swift; sourceTree = "<group>"; };
		A10000120000000000000001 /* ContentView.swift */ = {isa = PBXFileReference; lastKnownFileType = sourcecode.swift; path = ContentView.swift; sourceTree = "<group>"; };
		A10000130000000000000001 /* Problems.swift */ = {isa = PBXFileReference; lastKnownFileType = sourcecode.swift; path = Problems.swift; sourceTree = "<group>"; };
		A10000150000000000000001 /* TopicAnimations.swift */ = {isa = PBXFileReference; lastKnownFileType = sourcecode.swift; path = TopicAnimations.swift; sourceTree = "<group>"; };
		A10000160000000000000001 /* AppExtras.swift */ = {isa = PBXFileReference; lastKnownFileType = sourcecode.swift; path = AppExtras.swift; sourceTree = "<group>"; };
		A10000170000000000000001 /* DebugCapture.swift */ = {isa = PBXFileReference; lastKnownFileType = sourcecode.swift; path = DebugCapture.swift; sourceTree = "<group>"; };
		A10000B00000000000000001 /* Models.swift */ = {isa = PBXFileReference; lastKnownFileType = sourcecode.swift; path = Models.swift; sourceTree = "<group>"; };
		A10000B10000000000000001 /* GameViewModel.swift */ = {isa = PBXFileReference; lastKnownFileType = sourcecode.swift; path = GameViewModel.swift; sourceTree = "<group>"; };
		A10000B20000000000000001 /* AppTypes.swift */ = {isa = PBXFileReference; lastKnownFileType = sourcecode.swift; path = AppTypes.swift; sourceTree = "<group>"; };
		A10000B30000000000000001 /* PopStyle.swift */ = {isa = PBXFileReference; lastKnownFileType = sourcecode.swift; path = PopStyle.swift; sourceTree = "<group>"; };
		A10000B40000000000000001 /* ExplanationView.swift */ = {isa = PBXFileReference; lastKnownFileType = sourcecode.swift; path = ExplanationView.swift; sourceTree = "<group>"; };
		A10000B50000000000000001 /* BuiltInAnimations.swift */ = {isa = PBXFileReference; lastKnownFileType = sourcecode.swift; path = BuiltInAnimations.swift; sourceTree = "<group>"; };
		A10000B60000000000000001 /* ReorderQuiz.swift */ = {isa = PBXFileReference; lastKnownFileType = sourcecode.swift; path = ReorderQuiz.swift; sourceTree = "<group>"; };
		A10000B70000000000000001 /* Animations_Sorting.swift */ = {isa = PBXFileReference; lastKnownFileType = sourcecode.swift; path = Animations_Sorting.swift; sourceTree = "<group>"; };
		A10000B80000000000000001 /* Animations_LinkedList.swift */ = {isa = PBXFileReference; lastKnownFileType = sourcecode.swift; path = Animations_LinkedList.swift; sourceTree = "<group>"; };
		A10000B90000000000000001 /* Animations_Tree.swift */ = {isa = PBXFileReference; lastKnownFileType = sourcecode.swift; path = Animations_Tree.swift; sourceTree = "<group>"; };
		A10000BA0000000000000001 /* Animations_Graph.swift */ = {isa = PBXFileReference; lastKnownFileType = sourcecode.swift; path = Animations_Graph.swift; sourceTree = "<group>"; };
		A10000BB0000000000000001 /* Animations_DP.swift */ = {isa = PBXFileReference; lastKnownFileType = sourcecode.swift; path = Animations_DP.swift; sourceTree = "<group>"; };
		A10000BC0000000000000001 /* Animations_String.swift */ = {isa = PBXFileReference; lastKnownFileType = sourcecode.swift; path = Animations_String.swift; sourceTree = "<group>"; };
		A10000BD0000000000000001 /* Animations_Stack.swift */ = {isa = PBXFileReference; lastKnownFileType = sourcecode.swift; path = Animations_Stack.swift; sourceTree = "<group>"; };
		A10000BE0000000000000001 /* Animations_Math.swift */ = {isa = PBXFileReference; lastKnownFileType = sourcecode.swift; path = Animations_Math.swift; sourceTree = "<group>"; };
		A10000BF0000000000000001 /* Animations_Misc.swift */ = {isa = PBXFileReference; lastKnownFileType = sourcecode.swift; path = Animations_Misc.swift; sourceTree = "<group>"; };
		A30000110000000000000001 /* Assets.xcassets */ = {isa = PBXFileReference; lastKnownFileType = folder.assetcatalog; path = Assets.xcassets; sourceTree = "<group>"; };
		A40000110000000000000001 /* AlgoBite.entitlements */ = {isa = PBXFileReference; lastKnownFileType = text.plist.entitlements; path = AlgoBite.entitlements; sourceTree = "<group>"; };
		A40000120000000000000001 /* AlgoBiteWidget.entitlements */ = {isa = PBXFileReference; lastKnownFileType = text.plist.entitlements; path = AlgoBiteWidget.entitlements; sourceTree = "<group>"; };
		A10000140000000000000001 /* AlgoBite.app */ = {isa = PBXFileReference; explicitFileType = wrapper.application; includeInIndex = 0; path = AlgoBite.app; sourceTree = BUILT_PRODUCTS_DIR; };
		A20000110000000000000001 /* AlgoBiteWidgetBundle.swift */ = {isa = PBXFileReference; lastKnownFileType = sourcecode.swift; path = AlgoBiteWidgetBundle.swift; sourceTree = "<group>"; };
		A20000120000000000000001 /* AlgoBiteWidget.swift */ = {isa = PBXFileReference; lastKnownFileType = sourcecode.swift; path = AlgoBiteWidget.swift; sourceTree = "<group>"; };
		A20000130000000000000001 /* Info.plist */ = {isa = PBXFileReference; lastKnownFileType = text.plist.xml; path = Info.plist; sourceTree = "<group>"; };
		A20000140000000000000001 /* AlgoBiteWidget.appex */ = {isa = PBXFileReference; explicitFileType = "wrapper.app-extension"; includeInIndex = 0; path = AlgoBiteWidget.appex; sourceTree = BUILT_PRODUCTS_DIR; };
/* End PBXFileReference section */

/* Begin PBXFrameworksBuildPhase section */
		A10000210000000000000001 /* Frameworks */ = {
			isa = PBXFrameworksBuildPhase;
			buildActionMask = 2147483647;
			files = (
			);
			runOnlyForDeploymentPostprocessing = 0;
		};
		A20000210000000000000001 /* Frameworks */ = {
			isa = PBXFrameworksBuildPhase;
			buildActionMask = 2147483647;
			files = (
			);
			runOnlyForDeploymentPostprocessing = 0;
		};
/* End PBXFrameworksBuildPhase section */

/* Begin PBXCopyFilesBuildPhase section */
		A20000520000000000000001 /* Embed Foundation Extensions */ = {
			isa = PBXCopyFilesBuildPhase;
			buildActionMask = 2147483647;
			dstPath = "";
			dstSubfolderSpec = 13;
			files = (
				A20000030000000000000001 /* AlgoBiteWidget.appex in Embed Foundation Extensions */,
			);
			name = "Embed Foundation Extensions";
			runOnlyForDeploymentPostprocessing = 0;
		};
/* End PBXCopyFilesBuildPhase section */

/* Begin PBXGroup section */
		A10000300000000000000001 = {
			isa = PBXGroup;
			children = (
				A10000310000000000000001 /* AlgoBite */,
				A20000310000000000000001 /* AlgoBiteWidget */,
				A10000320000000000000001 /* Products */,
			);
			sourceTree = "<group>";
		};
		A20000310000000000000001 /* AlgoBiteWidget */ = {
			isa = PBXGroup;
			children = (
				A20000110000000000000001 /* AlgoBiteWidgetBundle.swift */,
				A20000120000000000000001 /* AlgoBiteWidget.swift */,
				A20000130000000000000001 /* Info.plist */,
				A40000120000000000000001 /* AlgoBiteWidget.entitlements */,
			);
			path = AlgoBiteWidget;
			sourceTree = "<group>";
		};
		A10000310000000000000001 /* AlgoBite */ = {
			isa = PBXGroup;
			children = (
				A10000110000000000000001 /* AlgoBiteApp.swift */,
				A10000120000000000000001 /* ContentView.swift */,
				A10000130000000000000001 /* Problems.swift */,
				A10000150000000000000001 /* TopicAnimations.swift */,
				A10000160000000000000001 /* AppExtras.swift */,
				A10000170000000000000001 /* DebugCapture.swift */,
				A10000B00000000000000001 /* Models.swift */,
				A10000B10000000000000001 /* GameViewModel.swift */,
				A10000B20000000000000001 /* AppTypes.swift */,
				A10000B30000000000000001 /* PopStyle.swift */,
				A10000B40000000000000001 /* ExplanationView.swift */,
				A10000B50000000000000001 /* BuiltInAnimations.swift */,
				A10000B60000000000000001 /* ReorderQuiz.swift */,
				A10000B70000000000000001 /* Animations_Sorting.swift */,
				A10000B80000000000000001 /* Animations_LinkedList.swift */,
				A10000B90000000000000001 /* Animations_Tree.swift */,
				A10000BA0000000000000001 /* Animations_Graph.swift */,
				A10000BB0000000000000001 /* Animations_DP.swift */,
				A10000BC0000000000000001 /* Animations_String.swift */,
				A10000BD0000000000000001 /* Animations_Stack.swift */,
				A10000BE0000000000000001 /* Animations_Math.swift */,
				A10000BF0000000000000001 /* Animations_Misc.swift */,
				A30000110000000000000001 /* Assets.xcassets */,
				A40000110000000000000001 /* AlgoBite.entitlements */,
			);
			path = AlgoBite;
			sourceTree = "<group>";
		};
		A10000320000000000000001 /* Products */ = {
			isa = PBXGroup;
			children = (
				A10000140000000000000001 /* AlgoBite.app */,
				A20000140000000000000001 /* AlgoBiteWidget.appex */,
			);
			name = Products;
			sourceTree = "<group>";
		};
/* End PBXGroup section */

/* Begin PBXNativeTarget section */
		A10000400000000000000001 /* AlgoBite */ = {
			isa = PBXNativeTarget;
			buildConfigurationList = A10000620000000000000001 /* Build configuration list for PBXNativeTarget "AlgoBite" */;
			buildPhases = (
				A10000500000000000000001 /* Sources */,
				A10000210000000000000001 /* Frameworks */,
				A10000510000000000000001 /* Resources */,
				A20000520000000000000001 /* Embed Foundation Extensions */,
			);
			buildRules = (
			);
			dependencies = (
				A20000710000000000000001 /* PBXTargetDependency */,
			);
			name = AlgoBite;
			productName = AlgoBite;
			productReference = A10000140000000000000001 /* AlgoBite.app */;
			productType = "com.apple.product-type.application";
		};
		A20000400000000000000001 /* AlgoBiteWidget */ = {
			isa = PBXNativeTarget;
			buildConfigurationList = A20000620000000000000001 /* Build configuration list for PBXNativeTarget "AlgoBiteWidget" */;
			buildPhases = (
				A20000500000000000000001 /* Sources */,
				A20000210000000000000001 /* Frameworks */,
				A20000510000000000000001 /* Resources */,
			);
			buildRules = (
			);
			dependencies = (
			);
			name = AlgoBiteWidget;
			productName = AlgoBiteWidget;
			productReference = A20000140000000000000001 /* AlgoBiteWidget.appex */;
			productType = "com.apple.product-type.app-extension";
		};
/* End PBXNativeTarget section */

/* Begin PBXTargetDependency section */
		A20000710000000000000001 /* PBXTargetDependency */ = {
			isa = PBXTargetDependency;
			target = A20000400000000000000001 /* AlgoBiteWidget */;
			targetProxy = A20000700000000000000001 /* PBXContainerItemProxy */;
		};
/* End PBXTargetDependency section */

/* Begin PBXContainerItemProxy section */
		A20000700000000000000001 /* PBXContainerItemProxy */ = {
			isa = PBXContainerItemProxy;
			containerPortal = A10000700000000000000001 /* Project object */;
			proxyType = 1;
			remoteGlobalIDString = A20000400000000000000001;
			remoteInfo = AlgoBiteWidget;
		};
/* End PBXContainerItemProxy section */

/* Begin PBXProject section */
		A10000700000000000000001 /* Project object */ = {
			isa = PBXProject;
			attributes = {
				BuildIndependentTargetsInParallel = 1;
				LastSwiftUpdateCheck = 2641;
				LastUpgradeCheck = 2641;
				TargetAttributes = {
					A10000400000000000000001 = {
						CreatedOnToolsVersion = 26.4.1;
					};
					A20000400000000000000001 = {
						CreatedOnToolsVersion = 26.4.1;
					};
				};
			};
			buildConfigurationList = A10000610000000000000001 /* Build configuration list for PBXProject "AlgoBite" */;
			compatibilityVersion = "Xcode 14.0";
			developmentRegion = en;
			hasScannedForEncodings = 0;
			knownRegions = (
				en,
				Base,
			);
			mainGroup = A10000300000000000000001;
			productRefGroup = A10000320000000000000001 /* Products */;
			projectDirPath = "";
			projectRoot = "";
			targets = (
				A10000400000000000000001 /* AlgoBite */,
				A20000400000000000000001 /* AlgoBiteWidget */,
			);
		};
/* End PBXProject section */

/* Begin PBXResourcesBuildPhase section */
		A10000510000000000000001 /* Resources */ = {
			isa = PBXResourcesBuildPhase;
			buildActionMask = 2147483647;
			files = (
				A30000010000000000000001 /* Assets.xcassets in Resources */,
			);
			runOnlyForDeploymentPostprocessing = 0;
		};
		A20000510000000000000001 /* Resources */ = {
			isa = PBXResourcesBuildPhase;
			buildActionMask = 2147483647;
			files = (
			);
			runOnlyForDeploymentPostprocessing = 0;
		};
/* End PBXResourcesBuildPhase section */

/* Begin PBXSourcesBuildPhase section */
		A10000500000000000000001 /* Sources */ = {
			isa = PBXSourcesBuildPhase;
			buildActionMask = 2147483647;
			files = (
				A10000010000000000000001 /* AlgoBiteApp.swift in Sources */,
				A10000020000000000000001 /* ContentView.swift in Sources */,
				A10000030000000000000001 /* Problems.swift in Sources */,
				A10000040000000000000001 /* TopicAnimations.swift in Sources */,
				A10000050000000000000001 /* AppExtras.swift in Sources */,
				A10000060000000000000001 /* DebugCapture.swift in Sources */,
				A10000A00000000000000001 /* Models.swift in Sources */,
				A10000A10000000000000001 /* GameViewModel.swift in Sources */,
				A10000A20000000000000001 /* AppTypes.swift in Sources */,
				A10000A30000000000000001 /* PopStyle.swift in Sources */,
				A10000A40000000000000001 /* ExplanationView.swift in Sources */,
				A10000A50000000000000001 /* BuiltInAnimations.swift in Sources */,
				A10000A60000000000000001 /* ReorderQuiz.swift in Sources */,
				A10000A70000000000000001 /* Animations_Sorting.swift in Sources */,
				A10000A80000000000000001 /* Animations_LinkedList.swift in Sources */,
				A10000A90000000000000001 /* Animations_Tree.swift in Sources */,
				A10000AA0000000000000001 /* Animations_Graph.swift in Sources */,
				A10000AB0000000000000001 /* Animations_DP.swift in Sources */,
				A10000AC0000000000000001 /* Animations_String.swift in Sources */,
				A10000AD0000000000000001 /* Animations_Stack.swift in Sources */,
				A10000AE0000000000000001 /* Animations_Math.swift in Sources */,
				A10000AF0000000000000001 /* Animations_Misc.swift in Sources */,
			);
			runOnlyForDeploymentPostprocessing = 0;
		};
		A20000500000000000000001 /* Sources */ = {
			isa = PBXSourcesBuildPhase;
			buildActionMask = 2147483647;
			files = (
				A20000010000000000000001 /* AlgoBiteWidgetBundle.swift in Sources */,
				A20000020000000000000001 /* AlgoBiteWidget.swift in Sources */,
			);
			runOnlyForDeploymentPostprocessing = 0;
		};
/* End PBXSourcesBuildPhase section */

/* Begin XCBuildConfiguration section */
		A10000810000000000000001 /* Debug */ = {
			isa = XCBuildConfiguration;
			buildSettings = {
				ALWAYS_SEARCH_USER_PATHS = NO;
				CLANG_ANALYZER_NONNULL = YES;
				CLANG_ANALYZER_NUMBER_OBJECT_CONVERSION = YES_AGGRESSIVE;
				CLANG_CXX_LANGUAGE_STANDARD = "gnu++20";
				CLANG_ENABLE_MODULES = YES;
				CLANG_ENABLE_OBJC_ARC = YES;
				CLANG_ENABLE_OBJC_WEAK = YES;
				CLANG_WARN_BLOCK_CAPTURE_AUTORELEASING = YES;
				CLANG_WARN_BOOL_CONVERSION = YES;
				CLANG_WARN_COMMA = YES;
				CLANG_WARN_CONSTANT_CONVERSION = YES;
				CLANG_WARN_DEPRECATED_OBJC_IMPLEMENTATIONS = YES;
				CLANG_WARN_DIRECT_OBJC_ISA_USAGE = YES_ERROR;
				CLANG_WARN_DOCUMENTATION_COMMENTS = YES;
				CLANG_WARN_EMPTY_BODY = YES;
				CLANG_WARN_ENUM_CONVERSION = YES;
				CLANG_WARN_INFINITE_RECURSION = YES;
				CLANG_WARN_INT_CONVERSION = YES;
				CLANG_WARN_NON_LITERAL_NULL_CONVERSION = YES;
				CLANG_WARN_OBJC_IMPLICIT_RETAIN_SELF = YES;
				CLANG_WARN_OBJC_LITERAL_CONVERSION = YES;
				CLANG_WARN_OBJC_ROOT_CLASS = YES_ERROR;
				CLANG_WARN_QUOTED_INCLUDE_IN_FRAMEWORK_HEADER = YES;
				CLANG_WARN_RANGE_LOOP_ANALYSIS = YES;
				CLANG_WARN_STRICT_PROTOTYPES = YES;
				CLANG_WARN_SUSPICIOUS_MOVE = YES;
				CLANG_WARN_UNGUARDED_AVAILABILITY = YES_AGGRESSIVE;
				CLANG_WARN_UNREACHABLE_CODE = YES;
				CLANG_WARN__DUPLICATE_METHOD_MATCH = YES;
				COPY_PHASE_STRIP = NO;
				DEBUG_INFORMATION_FORMAT = dwarf;
				ENABLE_STRICT_OBJC_MSGSEND = YES;
				ENABLE_TESTABILITY = YES;
				GCC_C_LANGUAGE_STANDARD = gnu17;
				GCC_DYNAMIC_NO_PIC = NO;
				GCC_NO_COMMON_BLOCKS = YES;
				GCC_OPTIMIZATION_LEVEL = 0;
				GCC_PREPROCESSOR_DEFINITIONS = (
					"DEBUG=1",
					"$(inherited)",
				);
				GCC_WARN_64_TO_32_BIT_CONVERSION = YES;
				GCC_WARN_ABOUT_RETURN_TYPE = YES_ERROR;
				GCC_WARN_UNDECLARED_SELECTOR = YES;
				GCC_WARN_UNINITIALIZED_AUTOS = YES_AGGRESSIVE;
				GCC_WARN_UNUSED_FUNCTION = YES;
				GCC_WARN_UNUSED_VARIABLE = YES;
				IPHONEOS_DEPLOYMENT_TARGET = 17.0;
				MTL_ENABLE_DEBUG_INFO = INCLUDE_SOURCE;
				MTL_FAST_MATH = YES;
				ONLY_ACTIVE_ARCH = YES;
				SDKROOT = iphoneos;
				SWIFT_ACTIVE_COMPILATION_CONDITIONS = "DEBUG $(inherited)";
				SWIFT_OPTIMIZATION_LEVEL = "-Onone";
			};
			name = Debug;
		};
		A10000820000000000000001 /* Release */ = {
			isa = XCBuildConfiguration;
			buildSettings = {
				ALWAYS_SEARCH_USER_PATHS = NO;
				CLANG_ANALYZER_NONNULL = YES;
				CLANG_ANALYZER_NUMBER_OBJECT_CONVERSION = YES_AGGRESSIVE;
				CLANG_CXX_LANGUAGE_STANDARD = "gnu++20";
				CLANG_ENABLE_MODULES = YES;
				CLANG_ENABLE_OBJC_ARC = YES;
				CLANG_ENABLE_OBJC_WEAK = YES;
				CLANG_WARN_BLOCK_CAPTURE_AUTORELEASING = YES;
				CLANG_WARN_BOOL_CONVERSION = YES;
				CLANG_WARN_COMMA = YES;
				CLANG_WARN_CONSTANT_CONVERSION = YES;
				CLANG_WARN_DEPRECATED_OBJC_IMPLEMENTATIONS = YES;
				CLANG_WARN_DIRECT_OBJC_ISA_USAGE = YES_ERROR;
				CLANG_WARN_DOCUMENTATION_COMMENTS = YES;
				CLANG_WARN_EMPTY_BODY = YES;
				CLANG_WARN_ENUM_CONVERSION = YES;
				CLANG_WARN_INFINITE_RECURSION = YES;
				CLANG_WARN_INT_CONVERSION = YES;
				CLANG_WARN_NON_LITERAL_NULL_CONVERSION = YES;
				CLANG_WARN_OBJC_IMPLICIT_RETAIN_SELF = YES;
				CLANG_WARN_OBJC_LITERAL_CONVERSION = YES;
				CLANG_WARN_OBJC_ROOT_CLASS = YES_ERROR;
				CLANG_WARN_QUOTED_INCLUDE_IN_FRAMEWORK_HEADER = YES;
				CLANG_WARN_RANGE_LOOP_ANALYSIS = YES;
				CLANG_WARN_STRICT_PROTOTYPES = YES;
				CLANG_WARN_SUSPICIOUS_MOVE = YES;
				CLANG_WARN_UNGUARDED_AVAILABILITY = YES_AGGRESSIVE;
				CLANG_WARN_UNREACHABLE_CODE = YES;
				CLANG_WARN__DUPLICATE_METHOD_MATCH = YES;
				COPY_PHASE_STRIP = NO;
				DEBUG_INFORMATION_FORMAT = "dwarf-with-dsym";
				ENABLE_NS_ASSERTIONS = NO;
				ENABLE_STRICT_OBJC_MSGSEND = YES;
				GCC_C_LANGUAGE_STANDARD = gnu17;
				GCC_NO_COMMON_BLOCKS = YES;
				GCC_WARN_64_TO_32_BIT_CONVERSION = YES;
				GCC_WARN_ABOUT_RETURN_TYPE = YES_ERROR;
				GCC_WARN_UNDECLARED_SELECTOR = YES;
				GCC_WARN_UNINITIALIZED_AUTOS = YES_AGGRESSIVE;
				GCC_WARN_UNUSED_FUNCTION = YES;
				GCC_WARN_UNUSED_VARIABLE = YES;
				IPHONEOS_DEPLOYMENT_TARGET = 17.0;
				MTL_ENABLE_DEBUG_INFO = NO;
				MTL_FAST_MATH = YES;
				SDKROOT = iphoneos;
				SWIFT_COMPILATION_MODE = wholemodule;
				SWIFT_OPTIMIZATION_LEVEL = "-O";
				VALIDATE_PRODUCT = YES;
			};
			name = Release;
		};
		A10000910000000000000001 /* Debug */ = {
			isa = XCBuildConfiguration;
			buildSettings = {
				ASSETCATALOG_COMPILER_APPICON_NAME = AppIcon;
				CODE_SIGN_ENTITLEMENTS = AlgoBite/AlgoBite.entitlements;
				CODE_SIGN_STYLE = Automatic;
				CURRENT_PROJECT_VERSION = 1;
				DEVELOPMENT_TEAM = 487PWH4FC4;
				ENABLE_PREVIEWS = YES;
				GENERATE_INFOPLIST_FILE = YES;
				INFOPLIST_KEY_CFBundleDisplayName = AlgoBite;
				INFOPLIST_KEY_LSApplicationCategoryType = "public.app-category.education";
				INFOPLIST_KEY_UIApplicationSupportsIndirectInputEvents = YES;
				INFOPLIST_KEY_UILaunchScreen_Generation = YES;
				INFOPLIST_KEY_UISupportedInterfaceOrientations_iPad = "UIInterfaceOrientationPortrait UIInterfaceOrientationPortraitUpsideDown UIInterfaceOrientationLandscapeLeft UIInterfaceOrientationLandscapeRight";
				INFOPLIST_KEY_UISupportedInterfaceOrientations_iPhone = "UIInterfaceOrientationPortrait";
				IPHONEOS_DEPLOYMENT_TARGET = 17.0;
				LD_RUNPATH_SEARCH_PATHS = (
					"$(inherited)",
					"@executable_path/Frameworks",
				);
				MARKETING_VERSION = 1.0;
				PRODUCT_BUNDLE_IDENTIFIER = app.Goto.Sakana.AlgoBite;
				PRODUCT_NAME = "$(TARGET_NAME)";
				SUPPORTED_PLATFORMS = "iphoneos iphonesimulator";
				SWIFT_EMIT_LOC_STRINGS = YES;
				SWIFT_VERSION = 5.0;
				TARGETED_DEVICE_FAMILY = "1,2";
			};
			name = Debug;
		};
		A10000920000000000000001 /* Release */ = {
			isa = XCBuildConfiguration;
			buildSettings = {
				ASSETCATALOG_COMPILER_APPICON_NAME = AppIcon;
				CODE_SIGN_ENTITLEMENTS = AlgoBite/AlgoBite.entitlements;
				CODE_SIGN_STYLE = Automatic;
				CURRENT_PROJECT_VERSION = 1;
				DEVELOPMENT_TEAM = 487PWH4FC4;
				ENABLE_PREVIEWS = YES;
				GENERATE_INFOPLIST_FILE = YES;
				INFOPLIST_KEY_CFBundleDisplayName = AlgoBite;
				INFOPLIST_KEY_LSApplicationCategoryType = "public.app-category.education";
				INFOPLIST_KEY_UIApplicationSupportsIndirectInputEvents = YES;
				INFOPLIST_KEY_UILaunchScreen_Generation = YES;
				INFOPLIST_KEY_UISupportedInterfaceOrientations_iPad = "UIInterfaceOrientationPortrait UIInterfaceOrientationPortraitUpsideDown UIInterfaceOrientationLandscapeLeft UIInterfaceOrientationLandscapeRight";
				INFOPLIST_KEY_UISupportedInterfaceOrientations_iPhone = "UIInterfaceOrientationPortrait";
				IPHONEOS_DEPLOYMENT_TARGET = 17.0;
				LD_RUNPATH_SEARCH_PATHS = (
					"$(inherited)",
					"@executable_path/Frameworks",
				);
				MARKETING_VERSION = 1.0;
				PRODUCT_BUNDLE_IDENTIFIER = app.Goto.Sakana.AlgoBite;
				PRODUCT_NAME = "$(TARGET_NAME)";
				SUPPORTED_PLATFORMS = "iphoneos iphonesimulator";
				SWIFT_EMIT_LOC_STRINGS = YES;
				SWIFT_VERSION = 5.0;
				TARGETED_DEVICE_FAMILY = "1,2";
			};
			name = Release;
		};
		A20000910000000000000001 /* Debug */ = {
			isa = XCBuildConfiguration;
			buildSettings = {
				CODE_SIGN_ENTITLEMENTS = AlgoBiteWidget/AlgoBiteWidget.entitlements;
				CODE_SIGN_STYLE = Automatic;
				CURRENT_PROJECT_VERSION = 1;
				DEVELOPMENT_TEAM = 487PWH4FC4;
				GENERATE_INFOPLIST_FILE = NO;
				INFOPLIST_FILE = AlgoBiteWidget/Info.plist;
				INFOPLIST_KEY_CFBundleDisplayName = AlgoBite;
				INFOPLIST_KEY_NSHumanReadableCopyright = "";
				IPHONEOS_DEPLOYMENT_TARGET = 17.0;
				LD_RUNPATH_SEARCH_PATHS = (
					"$(inherited)",
					"@executable_path/Frameworks",
					"@executable_path/../../Frameworks",
				);
				MARKETING_VERSION = 1.0;
				PRODUCT_BUNDLE_IDENTIFIER = app.Goto.Sakana.AlgoBite.AlgoBiteWidget;
				PRODUCT_NAME = "$(TARGET_NAME)";
				SKIP_INSTALL = YES;
				SUPPORTED_PLATFORMS = "iphoneos iphonesimulator";
				SWIFT_EMIT_LOC_STRINGS = YES;
				SWIFT_VERSION = 5.0;
				TARGETED_DEVICE_FAMILY = "1,2";
			};
			name = Debug;
		};
		A20000920000000000000001 /* Release */ = {
			isa = XCBuildConfiguration;
			buildSettings = {
				CODE_SIGN_ENTITLEMENTS = AlgoBiteWidget/AlgoBiteWidget.entitlements;
				CODE_SIGN_STYLE = Automatic;
				CURRENT_PROJECT_VERSION = 1;
				DEVELOPMENT_TEAM = 487PWH4FC4;
				GENERATE_INFOPLIST_FILE = NO;
				INFOPLIST_FILE = AlgoBiteWidget/Info.plist;
				INFOPLIST_KEY_CFBundleDisplayName = AlgoBite;
				INFOPLIST_KEY_NSHumanReadableCopyright = "";
				IPHONEOS_DEPLOYMENT_TARGET = 17.0;
				LD_RUNPATH_SEARCH_PATHS = (
					"$(inherited)",
					"@executable_path/Frameworks",
					"@executable_path/../../Frameworks",
				);
				MARKETING_VERSION = 1.0;
				PRODUCT_BUNDLE_IDENTIFIER = app.Goto.Sakana.AlgoBite.AlgoBiteWidget;
				PRODUCT_NAME = "$(TARGET_NAME)";
				SKIP_INSTALL = YES;
				SUPPORTED_PLATFORMS = "iphoneos iphonesimulator";
				SWIFT_EMIT_LOC_STRINGS = YES;
				SWIFT_VERSION = 5.0;
				TARGETED_DEVICE_FAMILY = "1,2";
			};
			name = Release;
		};
/* End XCBuildConfiguration section */

/* Begin XCConfigurationList section */
		A10000610000000000000001 /* Build configuration list for PBXProject "AlgoBite" */ = {
			isa = XCConfigurationList;
			buildConfigurations = (
				A10000810000000000000001 /* Debug */,
				A10000820000000000000001 /* Release */,
			);
			defaultConfigurationIsVisible = 0;
			defaultConfigurationName = Release;
		};
		A10000620000000000000001 /* Build configuration list for PBXNativeTarget "AlgoBite" */ = {
			isa = XCConfigurationList;
			buildConfigurations = (
				A10000910000000000000001 /* Debug */,
				A10000920000000000000001 /* Release */,
			);
			defaultConfigurationIsVisible = 0;
			defaultConfigurationName = Release;
		};
		A20000620000000000000001 /* Build configuration list for PBXNativeTarget "AlgoBiteWidget" */ = {
			isa = XCConfigurationList;
			buildConfigurations = (
				A20000910000000000000001 /* Debug */,
				A20000920000000000000001 /* Release */,
			);
			defaultConfigurationIsVisible = 0;
			defaultConfigurationName = Release;
		};
/* End XCConfigurationList section */

	};
	rootObject = A10000700000000000000001 /* Project object */;
}
